
Microsoft Visual Studio Solution File, Format Version 12.00
# Visual Studio Version 17
VisualStudioVersion = 17.8.34525.116
MinimumVisualStudioVersion = 10.0.40219.1
Project("{FAE04EC0-301F-11D3-BF4B-00C04F79EFBC}") = "Functions", "Functions\Functions.csproj", "{09FAFDC0-D52F-4DC5-B534-F4A87D0F2A89}"
EndProject
Project("{FAE04EC0-301F-11D3-BF4B-00C04F79EFBC}") = "ArgumentsAndParameters", "ArgumentsAndParameters\ArgumentsAndParameters.csproj", "{4E18DECE-968A-4C49-B0E0-414E5909DB43}"
EndProject
Project("{FAE04EC0-301F-11D3-BF4B-00C04F79EFBC}") = "Calculator", "Calculator\Calculator.csproj", "{2A948315-1BBE-4BE0-8ECB-F4B82AAAF178}"
EndProject
Project("{FAE04EC0-301F-11D3-BF4B-00C04F79EFBC}") = "DiscountCalculator", "DiscountCalculator\DiscountCalculator.csproj", "{FB6F8CEF-BE1C-4A4D-BD00-97BA2247F2A3}"
EndProject
Global
	GlobalSection(SolutionConfigurationPlatforms) = preSolution
		Debug|Any CPU = Debug|Any CPU
		Release|Any CPU = Release|Any CPU
	EndGlobalSection
	GlobalSection(ProjectConfigurationPlatforms) = postSolution
		{09FAFDC0-D52F-4DC5-B534-F4A87D0F2A89}.Debug|Any CPU.ActiveCfg = Debug|Any CPU
		{09FAFDC0-D52F-4DC5-B534-F4A87D0F2A89}.Debug|Any CPU.Build.0 = Debug|Any CPU
		{09FAFDC0-D52F-4DC5-B534-F4A87D0F2A89}.Release|Any CPU.ActiveCfg = Release|Any CPU
		{09FAFDC0-D52F-4DC5-B534-F4A87D0F2A89}.Release|Any CPU.Build.0 = Release|Any CPU
		{4E18DECE-968A-4C49-B0E0-414E5909DB43}.Debug|Any CPU.ActiveCfg = Debug|Any CPU
		{4E18DECE-968A-4C49-B0E0-414E5909DB43}.Debug|Any CPU.Build.0 = Debug|Any CPU
		{4E18DECE-968A-4C49-B0E0-414E5909DB43}.Release|Any CPU.ActiveCfg = Release|Any CPU
		{4E18DECE-968A-4C49-B0E0-414E5909DB43}.Release|Any CPU.Build.0 = Release|Any CPU
		{2A948315-1BBE-4BE0-8ECB-F4B82AAAF178}.Debug|Any CPU.ActiveCfg = Debug|Any CPU
		{2A948315-1BBE-4BE0-8ECB-F4B82AAAF178}.Debug|Any CPU.Build.0 = Debug|Any CPU
		{2A948315-1BBE-4BE0-8ECB-F4B82AAAF178}.Release|Any CPU.ActiveCfg = Release|Any CPU
		{2A948315-1BBE-4BE0-8ECB-F4B82AAAF178}.Release|Any CPU.Build.0 = Release|Any CPU
		{FB6F8CEF-BE1C-4A4D-BD00-97BA2247F2A3}.Debug|Any CPU.ActiveCfg = Debug|Any CPU
		{FB6F8CEF-BE1C-4A4D-BD00-97BA2247F2A3}.Debug|Any CPU.Build.0 = Debug|Any CPU
		{FB6F8CEF-BE1C-4A4D-BD00-97BA2247F2A3}.Release|Any CPU.ActiveCfg = Release|Any CPU
		{FB6F8CEF-BE1C-4A4D-BD00-97BA2247F2A3}.Release|Any CPU.Build.0 = Release|Any CPU
	EndGlobalSection
	GlobalSection(SolutionProperties) = preSolution
		HideSolutionNode = FALSE
	EndGlobalSection
	GlobalSection(ExtensibilityGlobals) = postSolution
		SolutionGuid = {D3E28D75-B84E-4A80-A491-6B0B9A65025E}
	EndGlobalSection
EndGlobal
